{
  "version": 4,
  "terraform_version": "1.5.7",
  "serial": 1643,
  "lineage": "25b9cc62-379e-7a78-d718-06781e1ad7a0",
  "outputs": {},
  "resources": [
    {
      "module": "module.load-balancer",
      "mode": "data",
      "type": "archive_file",
      "name": "lambda_zip",
      "provider": "provider[\"registry.terraform.io/hashicorp/archive\"]",
      "instances": [
        {
          "schema_version": 0,
          "attributes": {
            "exclude_symlink_directories": null,
            "excludes": null,
            "id": "7f58ba3993800ae2c2bfeb94684f8e22403f4e2b",
            "output_base64sha256": "xX9oRG3KvLlyHgVh2VxDaMqUALOyUYm7syd6WHvqp34=",
            "output_base64sha512": "Ly3rsDomtlTcV497TcOF6O4bXooAdMATizNyT6s27ShkxkGseoLsYkb6903HAgG+svBlxrIP9XsnYT/azHqaNQ==",
            "output_file_mode": null,
            "output_md5": "9f197dfe58c78c9dea0e820d03c55488",
            "output_path": "modules/load-balancer/cors-lambda.zip",
            "output_sha": "7f58ba3993800ae2c2bfeb94684f8e22403f4e2b",
            "output_sha256": "c57f68446dcabcb9721e0561d95c4368ca9400b3b25189bbb3277a587beaa77e",
            "output_sha512": "2f2debb03a26b654dc578f7b4dc385e8ee1b5e8a0074c0138b33724fab36ed2864c641ac7a82ec6246faf74dc70201beb2f065c6b20ff57b27613fdacc7a9a35",
            "output_size": 555,
            "source": [
              {
                "content": "exports.handler = async (event) =\u003e {\n    const response = event.Records[0].cf.response;\n    const request = event.Records[0].cf.request;\n    const headers = response.headers;\n    \n    // Get origin from request\n    const origin = request.headers.origin ? request.headers.origin[0].value : '*';\n    \n    // Add CORS headers\n    headers['access-control-allow-origin'] = [{ key: 'Access-Control-Allow-Origin', value: origin }];\n    headers['access-control-allow-methods'] = [{ key: 'Access-Control-Allow-Methods', value: 'GET,HEAD,OPTIONS,PUT,PATCH,POST,DELETE' }];\n    headers['access-control-allow-headers'] = [{ key: 'Access-Control-Allow-Headers', value: 'Content-Type,Authorization,X-Requested-With' }];\n    headers['access-control-max-age'] = [{ key: 'Access-Control-Max-Age', value: '86400' }];\n    \n    // For OPTIONS requests, ensure 200 status\n    if (request.method === 'OPTIONS') {\n        response.status = '200';\n        response.statusDescription = 'OK';\n    }\n    \n    return response;\n};\n",
                "filename": "index.js"
              }
            ],
            "source_content": null,
            "source_content_filename": null,
            "source_dir": null,
            "source_file": null,
            "type": "zip"
          },
          "sensitive_attributes": []
        }
      ]
    },
    {
      "module": "module.load-balancer",
      "mode": "data",
      "type": "aws_iam_policy_document",
      "name": "lambda_assume",
      "provider": "provider[\"registry.terraform.io/hashicorp/aws\"]",
      "instances": [
        {
          "schema_version": 0,
          "attributes": {
            "id": "1349007126",
            "json": "{\n  \"Version\": \"2012-10-17\",\n  \"Statement\": [\n    {\n      \"Effect\": \"Allow\",\n      \"Action\": \"sts:AssumeRole\",\n      \"Principal\": {\n        \"Service\": [\n          \"lambda.amazonaws.com\",\n          \"edgelambda.amazonaws.com\"\n        ]\n      }\n    }\n  ]\n}",
            "minified_json": "{\"Version\":\"2012-10-17\",\"Statement\":[{\"Effect\":\"Allow\",\"Action\":\"sts:AssumeRole\",\"Principal\":{\"Service\":[\"lambda.amazonaws.com\",\"edgelambda.amazonaws.com\"]}}]}",
            "override_json": null,
            "override_policy_documents": null,
            "policy_id": null,
            "source_json": null,
            "source_policy_documents": null,
            "statement": [
              {
                "actions": [
                  "sts:AssumeRole"
                ],
                "condition": [],
                "effect": "Allow",
                "not_actions": [],
                "not_principals": [],
                "not_resources": [],
                "principals": [
                  {
                    "identifiers": [
                      "edgelambda.amazonaws.com",
                      "lambda.amazonaws.com"
                    ],
                    "type": "Service"
                  }
                ],
                "resources": [],
                "sid": ""
              }
            ],
            "version": "2012-10-17"
          },
          "sensitive_attributes": []
        }
      ]
    },
    {
      "module": "module.load-balancer",
      "mode": "managed",
      "type": "aws_iam_role",
      "name": "lambda_edge",
      "provider": "module.load-balancer.provider[\"registry.terraform.io/hashicorp/aws\"].us_east_1",
      "instances": [
        {
          "schema_version": 0,
          "attributes": {
            "arn": "arn:aws:iam::724772062958:role/cloudfront-cors-lambda-edge",
            "assume_role_policy": "{\"Statement\":[{\"Action\":\"sts:AssumeRole\",\"Effect\":\"Allow\",\"Principal\":{\"Service\":[\"lambda.amazonaws.com\",\"edgelambda.amazonaws.com\"]}}],\"Version\":\"2012-10-17\"}",
            "create_date": "2025-12-07T06:48:41Z",
            "description": "",
            "force_detach_policies": false,
            "id": "cloudfront-cors-lambda-edge",
            "inline_policy": [],
            "managed_policy_arns": [
              "arn:aws:iam::aws:policy/service-role/AWSLambdaBasicExecutionRole"
            ],
            "max_session_duration": 3600,
            "name": "cloudfront-cors-lambda-edge",
            "name_prefix": "",
            "path": "/",
            "permissions_boundary": "",
            "tags": {},
            "tags_all": {},
            "unique_id": "AROA2RP6IA3XKD74CSXFM"
          },
          "sensitive_attributes": [],
          "private": "bnVsbA==",
          "dependencies": [
            "module.load-balancer.data.aws_iam_policy_document.lambda_assume"
          ]
        }
      ]
    },
    {
      "module": "module.load-balancer",
      "mode": "managed",
      "type": "aws_lambda_function",
      "name": "cors_lambda",
      "provider": "module.load-balancer.provider[\"registry.terraform.io/hashicorp/aws\"].us_east_1",
      "instances": [
        {
          "schema_version": 0,
          "attributes": {
            "architectures": [
              "x86_64"
            ],
            "arn": "arn:aws:lambda:us-east-1:724772062958:function:cloudfront-cors-handler",
            "code_sha256": "xX9oRG3KvLlyHgVh2VxDaMqUALOyUYm7syd6WHvqp34=",
            "code_signing_config_arn": "",
            "dead_letter_config": [],
            "description": "",
            "environment": [],
            "ephemeral_storage": [
              {
                "size": 512
              }
            ],
            "file_system_config": [],
            "filename": "modules/load-balancer/cors-lambda.zip",
            "function_name": "cloudfront-cors-handler",
            "handler": "index.handler",
            "id": "cloudfront-cors-handler",
            "image_config": [],
            "image_uri": "",
            "invoke_arn": "arn:aws:apigateway:us-east-1:lambda:path/2015-03-31/functions/arn:aws:lambda:us-east-1:724772062958:function:cloudfront-cors-handler/invocations",
            "kms_key_arn": "",
            "last_modified": "2025-12-07T06:48:52.071+0000",
            "layers": [],
            "logging_config": [
              {
                "application_log_level": "",
                "log_format": "Text",
                "log_group": "/aws/lambda/cloudfront-cors-handler",
                "system_log_level": ""
              }
            ],
            "memory_size": 128,
            "package_type": "Zip",
            "publish": true,
            "qualified_arn": "arn:aws:lambda:us-east-1:724772062958:function:cloudfront-cors-handler:5",
            "qualified_invoke_arn": "arn:aws:apigateway:us-east-1:lambda:path/2015-03-31/functions/arn:aws:lambda:us-east-1:724772062958:function:cloudfront-cors-handler:5/invocations",
            "replace_security_groups_on_destroy": null,
            "replacement_security_group_ids": null,
            "reserved_concurrent_executions": -1,
            "role": "arn:aws:iam::724772062958:role/cloudfront-cors-lambda-edge",
            "runtime": "nodejs20.x",
            "s3_bucket": null,
            "s3_key": null,
            "s3_object_version": null,
            "signing_job_arn": "",
            "signing_profile_version_arn": "",
            "skip_destroy": false,
            "snap_start": [],
            "source_code_hash": "xX9oRG3KvLlyHgVh2VxDaMqUALOyUYm7syd6WHvqp34=",
            "source_code_size": 555,
            "tags": {},
            "tags_all": {},
            "timeout": 5,
            "timeouts": null,
            "tracing_config": [
              {
                "mode": "PassThrough"
              }
            ],
            "version": "5",
            "vpc_config": []
          },
          "sensitive_attributes": [],
          "private": "eyJlMmJmYjczMC1lY2FhLTExZTYtOGY4OC0zNDM2M2JjN2M0YzAiOnsiY3JlYXRlIjo2MDAwMDAwMDAwMDAsImRlbGV0ZSI6NjAwMDAwMDAwMDAwLCJ1cGRhdGUiOjYwMDAwMDAwMDAwMH19",
          "dependencies": [
            "module.load-balancer.aws_iam_role.lambda_edge",
            "module.load-balancer.data.archive_file.lambda_zip",
            "module.load-balancer.data.aws_iam_policy_document.lambda_assume"
          ]
        }
      ]
    }
  ],
  "check_results": null
}
