{
  "version": 4,
  "terraform_version": "1.5.7",
  "serial": 1534,
  "lineage": "25b9cc62-379e-7a78-d718-06781e1ad7a0",
  "outputs": {},
  "resources": [
    {
      "module": "module.internet-gw",
      "mode": "managed",
      "type": "aws_internet_gateway",
      "name": "igw",
      "provider": "provider[\"registry.terraform.io/hashicorp/aws\"]",
      "instances": [
        {
          "schema_version": 0,
          "attributes": {
            "arn": "arn:aws:ec2:us-east-1:724772062958:internet-gateway/igw-08e3794586e6051d3",
            "id": "igw-08e3794586e6051d3",
            "owner_id": "724772062958",
            "tags": {
              "Name": "rewear-igw"
            },
            "tags_all": {
              "Name": "rewear-igw"
            },
            "timeouts": null,
            "vpc_id": "vpc-0f4410fc8e38b5d7c"
          },
          "sensitive_attributes": [],
          "private": "eyJlMmJmYjczMC1lY2FhLTExZTYtOGY4OC0zNDM2M2JjN2M0YzAiOnsiY3JlYXRlIjoxMjAwMDAwMDAwMDAwLCJkZWxldGUiOjEyMDAwMDAwMDAwMDAsInVwZGF0ZSI6MTIwMDAwMDAwMDAwMH19",
          "dependencies": [
            "module.vpc.aws_vpc.vpc1"
          ]
        }
      ]
    },
    {
      "module": "module.load-balancer",
      "mode": "data",
      "type": "archive_file",
      "name": "lambda_zip",
      "provider": "provider[\"registry.terraform.io/hashicorp/archive\"]",
      "instances": [
        {
          "schema_version": 0,
          "attributes": {
            "exclude_symlink_directories": null,
            "excludes": null,
            "id": "7f58ba3993800ae2c2bfeb94684f8e22403f4e2b",
            "output_base64sha256": "xX9oRG3KvLlyHgVh2VxDaMqUALOyUYm7syd6WHvqp34=",
            "output_base64sha512": "Ly3rsDomtlTcV497TcOF6O4bXooAdMATizNyT6s27ShkxkGseoLsYkb6903HAgG+svBlxrIP9XsnYT/azHqaNQ==",
            "output_file_mode": null,
            "output_md5": "9f197dfe58c78c9dea0e820d03c55488",
            "output_path": "modules/load-balancer/cors-lambda.zip",
            "output_sha": "7f58ba3993800ae2c2bfeb94684f8e22403f4e2b",
            "output_sha256": "c57f68446dcabcb9721e0561d95c4368ca9400b3b25189bbb3277a587beaa77e",
            "output_sha512": "2f2debb03a26b654dc578f7b4dc385e8ee1b5e8a0074c0138b33724fab36ed2864c641ac7a82ec6246faf74dc70201beb2f065c6b20ff57b27613fdacc7a9a35",
            "output_size": 555,
            "source": [
              {
                "content": "exports.handler = async (event) =\u003e {\n    const response = event.Records[0].cf.response;\n    const request = event.Records[0].cf.request;\n    const headers = response.headers;\n    \n    // Get origin from request\n    const origin = request.headers.origin ? request.headers.origin[0].value : '*';\n    \n    // Add CORS headers\n    headers['access-control-allow-origin'] = [{ key: 'Access-Control-Allow-Origin', value: origin }];\n    headers['access-control-allow-methods'] = [{ key: 'Access-Control-Allow-Methods', value: 'GET,HEAD,OPTIONS,PUT,PATCH,POST,DELETE' }];\n    headers['access-control-allow-headers'] = [{ key: 'Access-Control-Allow-Headers', value: 'Content-Type,Authorization,X-Requested-With' }];\n    headers['access-control-max-age'] = [{ key: 'Access-Control-Max-Age', value: '86400' }];\n    \n    // For OPTIONS requests, ensure 200 status\n    if (request.method === 'OPTIONS') {\n        response.status = '200';\n        response.statusDescription = 'OK';\n    }\n    \n    return response;\n};\n",
                "filename": "index.js"
              }
            ],
            "source_content": null,
            "source_content_filename": null,
            "source_dir": null,
            "source_file": null,
            "type": "zip"
          },
          "sensitive_attributes": []
        }
      ]
    },
    {
      "module": "module.load-balancer",
      "mode": "data",
      "type": "aws_iam_policy_document",
      "name": "lambda_assume",
      "provider": "provider[\"registry.terraform.io/hashicorp/aws\"]",
      "instances": [
        {
          "schema_version": 0,
          "attributes": {
            "id": "1349007126",
            "json": "{\n  \"Version\": \"2012-10-17\",\n  \"Statement\": [\n    {\n      \"Effect\": \"Allow\",\n      \"Action\": \"sts:AssumeRole\",\n      \"Principal\": {\n        \"Service\": [\n          \"lambda.amazonaws.com\",\n          \"edgelambda.amazonaws.com\"\n        ]\n      }\n    }\n  ]\n}",
            "minified_json": "{\"Version\":\"2012-10-17\",\"Statement\":[{\"Effect\":\"Allow\",\"Action\":\"sts:AssumeRole\",\"Principal\":{\"Service\":[\"lambda.amazonaws.com\",\"edgelambda.amazonaws.com\"]}}]}",
            "override_json": null,
            "override_policy_documents": null,
            "policy_id": null,
            "source_json": null,
            "source_policy_documents": null,
            "statement": [
              {
                "actions": [
                  "sts:AssumeRole"
                ],
                "condition": [],
                "effect": "Allow",
                "not_actions": [],
                "not_principals": [],
                "not_resources": [],
                "principals": [
                  {
                    "identifiers": [
                      "edgelambda.amazonaws.com",
                      "lambda.amazonaws.com"
                    ],
                    "type": "Service"
                  }
                ],
                "resources": [],
                "sid": ""
              }
            ],
            "version": "2012-10-17"
          },
          "sensitive_attributes": []
        }
      ]
    },
    {
      "module": "module.load-balancer",
      "mode": "managed",
      "type": "aws_iam_role",
      "name": "lambda_edge",
      "provider": "module.load-balancer.provider[\"registry.terraform.io/hashicorp/aws\"].us_east_1",
      "instances": [
        {
          "schema_version": 0,
          "attributes": {
            "arn": "arn:aws:iam::724772062958:role/cloudfront-cors-lambda-edge",
            "assume_role_policy": "{\"Statement\":[{\"Action\":\"sts:AssumeRole\",\"Effect\":\"Allow\",\"Principal\":{\"Service\":[\"lambda.amazonaws.com\",\"edgelambda.amazonaws.com\"]}}],\"Version\":\"2012-10-17\"}",
            "create_date": "2025-11-29T11:58:51Z",
            "description": "",
            "force_detach_policies": false,
            "id": "cloudfront-cors-lambda-edge",
            "inline_policy": [],
            "managed_policy_arns": [
              "arn:aws:iam::aws:policy/service-role/AWSLambdaBasicExecutionRole"
            ],
            "max_session_duration": 3600,
            "name": "cloudfront-cors-lambda-edge",
            "name_prefix": "",
            "path": "/",
            "permissions_boundary": "",
            "tags": {},
            "tags_all": {},
            "unique_id": "AROA2RP6IA3XE6WKMRYXI"
          },
          "sensitive_attributes": [],
          "private": "bnVsbA==",
          "dependencies": [
            "module.load-balancer.data.aws_iam_policy_document.lambda_assume"
          ]
        }
      ]
    },
    {
      "module": "module.load-balancer",
      "mode": "managed",
      "type": "aws_lambda_function",
      "name": "cors_lambda",
      "provider": "module.load-balancer.provider[\"registry.terraform.io/hashicorp/aws\"].us_east_1",
      "instances": [
        {
          "schema_version": 0,
          "attributes": {
            "architectures": [
              "x86_64"
            ],
            "arn": "arn:aws:lambda:us-east-1:724772062958:function:cloudfront-cors-handler",
            "code_sha256": "xX9oRG3KvLlyHgVh2VxDaMqUALOyUYm7syd6WHvqp34=",
            "code_signing_config_arn": "",
            "dead_letter_config": [],
            "description": "",
            "environment": [],
            "ephemeral_storage": [
              {
                "size": 512
              }
            ],
            "file_system_config": [],
            "filename": "modules/load-balancer/cors-lambda.zip",
            "function_name": "cloudfront-cors-handler",
            "handler": "index.handler",
            "id": "cloudfront-cors-handler",
            "image_config": [],
            "image_uri": "",
            "invoke_arn": "arn:aws:apigateway:us-east-1:lambda:path/2015-03-31/functions/arn:aws:lambda:us-east-1:724772062958:function:cloudfront-cors-handler/invocations",
            "kms_key_arn": "",
            "last_modified": "2025-11-29T11:59:02.618+0000",
            "layers": [],
            "logging_config": [
              {
                "application_log_level": "",
                "log_format": "Text",
                "log_group": "/aws/lambda/cloudfront-cors-handler",
                "system_log_level": ""
              }
            ],
            "memory_size": 128,
            "package_type": "Zip",
            "publish": true,
            "qualified_arn": "arn:aws:lambda:us-east-1:724772062958:function:cloudfront-cors-handler:4",
            "qualified_invoke_arn": "arn:aws:apigateway:us-east-1:lambda:path/2015-03-31/functions/arn:aws:lambda:us-east-1:724772062958:function:cloudfront-cors-handler:4/invocations",
            "replace_security_groups_on_destroy": null,
            "replacement_security_group_ids": null,
            "reserved_concurrent_executions": -1,
            "role": "arn:aws:iam::724772062958:role/cloudfront-cors-lambda-edge",
            "runtime": "nodejs20.x",
            "s3_bucket": null,
            "s3_key": null,
            "s3_object_version": null,
            "signing_job_arn": "",
            "signing_profile_version_arn": "",
            "skip_destroy": false,
            "snap_start": [],
            "source_code_hash": "xX9oRG3KvLlyHgVh2VxDaMqUALOyUYm7syd6WHvqp34=",
            "source_code_size": 555,
            "tags": {},
            "tags_all": {},
            "timeout": 5,
            "timeouts": null,
            "tracing_config": [
              {
                "mode": "PassThrough"
              }
            ],
            "version": "4",
            "vpc_config": []
          },
          "sensitive_attributes": [],
          "private": "eyJlMmJmYjczMC1lY2FhLTExZTYtOGY4OC0zNDM2M2JjN2M0YzAiOnsiY3JlYXRlIjo2MDAwMDAwMDAwMDAsImRlbGV0ZSI6NjAwMDAwMDAwMDAwLCJ1cGRhdGUiOjYwMDAwMDAwMDAwMH19",
          "dependencies": [
            "module.load-balancer.aws_iam_role.lambda_edge",
            "module.load-balancer.data.archive_file.lambda_zip",
            "module.load-balancer.data.aws_iam_policy_document.lambda_assume"
          ]
        }
      ]
    },
    {
      "module": "module.vpc",
      "mode": "managed",
      "type": "aws_vpc",
      "name": "vpc1",
      "provider": "provider[\"registry.terraform.io/hashicorp/aws\"]",
      "instances": [
        {
          "schema_version": 1,
          "attributes": {
            "arn": "arn:aws:ec2:us-east-1:724772062958:vpc/vpc-0f4410fc8e38b5d7c",
            "assign_generated_ipv6_cidr_block": false,
            "cidr_block": "10.0.0.0/16",
            "default_network_acl_id": "acl-079f7e9e52c395d10",
            "default_route_table_id": "rtb-0ccd6fbb4f8dd0487",
            "default_security_group_id": "sg-08a5b72be36e502cf",
            "dhcp_options_id": "dopt-04673c936318c4480",
            "enable_dns_hostnames": true,
            "enable_dns_support": true,
            "enable_network_address_usage_metrics": false,
            "id": "vpc-0f4410fc8e38b5d7c",
            "instance_tenancy": "default",
            "ipv4_ipam_pool_id": null,
            "ipv4_netmask_length": null,
            "ipv6_association_id": "",
            "ipv6_cidr_block": "",
            "ipv6_cidr_block_network_border_group": "",
            "ipv6_ipam_pool_id": "",
            "ipv6_netmask_length": 0,
            "main_route_table_id": "rtb-0ccd6fbb4f8dd0487",
            "owner_id": "724772062958",
            "tags": {
              "Name": "rewear-vpc"
            },
            "tags_all": {
              "Name": "rewear-vpc"
            }
          },
          "sensitive_attributes": [],
          "private": "eyJzY2hlbWFfdmVyc2lvbiI6IjEifQ==",
          "create_before_destroy": true
        }
      ]
    }
  ],
  "check_results": null
}
